PODS:
  - CMImageScrollView (0.0.5)

DEPENDENCIES:
  - CMImageScrollView (from `../`)

EXTERNAL SOURCES:
  CMImageScrollView:
    :path: "../"

SPEC CHECKSUMS:
  CMImageScrollView: e2919d18530d143eec75292100d8852fb85a8698

PODFILE CHECKSUM: f8e9f78a9b4955564b7c20868ccf2036fd15c1d0

COCOAPODS: 1.8.4
